github.com/davecgh/go-spew v1.1.1 h1:vj9j/u1bqnvCEfJOwUhtlOARqs3+rkHYY13jYWTU97c=
github.com/davecgh/go-spew v1.1.1/go.mod h1:J7Y8YcW2NihsgmVo/mv3lAwl/skON4iLHjSsI+c5H38=
github.com/maruel/rs v0.0.0-20150922171536-2c81c4312fe4 h1:u9jwvcKbQpghIXgNl/EOL8hzhAFXh4ePrEP493W3tNA=
github.com/maruel/rs v0.0.0-20150922171536-2c81c4312fe4/go.mod h1:kcRFpEzolcEklV6rD7W95mG49/sbdX/PlFmd7ni3RvA=
github.com/pmezard/go-difflib v1.0.0 h1:4DBwDE0NGyQoBHbLQYPwSUPoCMWR5BEzIk/f1lZbAQM=
github.com/pmezard/go-difflib v1.0.0/go.mod h1:iKH77koFhYxTK1pcRnkKkqfTogsbg7gZNVY4sRDYZ/4=
github.com/skip2/go-qrcode v0.0.0-20171229120447-cf5f9fa2f0d8 h1:5C4yAeYifeRO+7z2/H2kxL8tJZE9ZE9LpxK6YUZPByo=
github.com/skip2/go-qrcode v0.0.0-20171229120447-cf5f9fa2f0d8/go.mod h1:PLPIyL7ikehBD1OAjmKKiOEhbvWyHGaNDjquXMcYABo=
github.com/stretchr/objx v0.1.1 h1:2vfRuCMp5sSVIDSqO8oNnWJq7mPa6KVP3iPIwFBuy8A=
github.com/stretchr/objx v0.1.1/go.mod h1:HFkY916IF+rwdDfMAkV7OtwuqBVzrE8GR6GFx+wExME=
github.com/stretchr/testify v1.2.2 h1:bSDNvY7ZPG5RlJ8otE/7V6gMiyenm9RtJ7IUVIAoJ1w=
github.com/stretchr/testify v1.2.2/go.mod h1:a8OnRcib4nhh0OaRAV+Yts87kKdq0PP7pXfy6kDkUVs=
github.com/tuotoo/qrcode v0.0.0-20180918164536-fe9894c01997 h1:bzMxBN46oA9WatuUD0wmeQ17P2Um+686WwT4o1atz1Y=
github.com/tuotoo/qrcode v0.0.0-20180918164536-fe9894c01997/go.mod h1:po3qs7h8otu6LW8Z+uDfiiGqR00w0Op+BJAMAAl1yu4=
